// !$*UTF8*$!
{
	archiveVersion = 1;
	classes = {
	};
	objectVersion = 48;
	objects = {

/* Begin PBXBuildFile section */
		5F7DD4B7206CBEC20067DB35 /* TargetKit.framework in CopyFiles */ = {isa = PBXBuildFile; fileRef = 5F9C16D5206CB8290058A55C /* TargetKit.framework */; settings = {ATTRIBUTES = (CodeSignOnCopy, RemoveHeadersOnCopy, ); }; };
		5F7DD4D3206D166F0067DB35 /* ServicesTarget.framework in Frameworks */ = {isa = PBXBuildFile; fileRef = 5F7DD4D4206D166F0067DB35 /* ServicesTarget.framework */; };
		5F7DD4D5206D17040067DB35 /* ServicesTarget.framework in CopyFiles */ = {isa = PBXBuildFile; fileRef = 5F7DD4D4206D166F0067DB35 /* ServicesTarget.framework */; settings = {ATTRIBUTES = (CodeSignOnCopy, RemoveHeadersOnCopy, ); }; };
		5F9C16AD206CB70A0058A55C /* AppDelegate.swift in Sources */ = {isa = PBXBuildFile; fileRef = 5F9C16AC206CB70A0058A55C /* AppDelegate.swift */; };
		5F9C16AF206CB70A0058A55C /* ViewController.swift in Sources */ = {isa = PBXBuildFile; fileRef = 5F9C16AE206CB70A0058A55C /* ViewController.swift */; };
		5F9C16B2206CB70A0058A55C /* Main.storyboard in Resources */ = {isa = PBXBuildFile; fileRef = 5F9C16B0206CB70A0058A55C /* Main.storyboard */; };
		5F9C16B4206CB70A0058A55C /* Assets.xcassets in Resources */ = {isa = PBXBuildFile; fileRef = 5F9C16B3206CB70A0058A55C /* Assets.xcassets */; };
		5F9C16B7206CB70A0058A55C /* LaunchScreen.storyboard in Resources */ = {isa = PBXBuildFile; fileRef = 5F9C16B5206CB70A0058A55C /* LaunchScreen.storyboard */; };
		5F9C16D8206CBBF70058A55C /* TargetKit.framework in Frameworks */ = {isa = PBXBuildFile; fileRef = 5F9C16D5206CB8290058A55C /* TargetKit.framework */; };
/* End PBXBuildFile section */

/* Begin PBXCopyFilesBuildPhase section */
		5F7DD4B6206CBE4E0067DB35 /* CopyFiles */ = {
			isa = PBXCopyFilesBuildPhase;
			buildActionMask = 2147483647;
			dstPath = "";
			dstSubfolderSpec = 10;
			files = (
				5F7DD4D5206D17040067DB35 /* ServicesTarget.framework in CopyFiles */,
				5F7DD4B7206CBEC20067DB35 /* TargetKit.framework in CopyFiles */,
			);
			runOnlyForDeploymentPostprocessing = 0;
		};
/* End PBXCopyFilesBuildPhase section */

/* Begin PBXFileReference section */
		5F7DD4D4206D166F0067DB35 /* ServicesTarget.framework */ = {isa = PBXFileReference; explicitFileType = wrapper.framework; path = ServicesTarget.framework; sourceTree = BUILT_PRODUCTS_DIR; };
		5F9C16A9206CB70A0058A55C /* MultiTarget.app */ = {isa = PBXFileReference; explicitFileType = wrapper.application; includeInIndex = 0; path = MultiTarget.app; sourceTree = BUILT_PRODUCTS_DIR; };
		5F9C16AC206CB70A0058A55C /* AppDelegate.swift */ = {isa = PBXFileReference; lastKnownFileType = sourcecode.swift; path = AppDelegate.swift; sourceTree = "<group>"; };
		5F9C16AE206CB70A0058A55C /* ViewController.swift */ = {isa = PBXFileReference; lastKnownFileType = sourcecode.swift; path = ViewController.swift; sourceTree = "<group>"; };
		5F9C16B1206CB70A0058A55C /* Base */ = {isa = PBXFileReference; lastKnownFileType = file.storyboard; name = Base; path = Base.lproj/Main.storyboard; sourceTree = "<group>"; };
		5F9C16B3206CB70A0058A55C /* Assets.xcassets */ = {isa = PBXFileReference; lastKnownFileType = folder.assetcatalog; path = Assets.xcassets; sourceTree = "<group>"; };
		5F9C16B6206CB70A0058A55C /* Base */ = {isa = PBXFileReference; lastKnownFileType = file.storyboard; name = Base; path = Base.lproj/LaunchScreen.storyboard; sourceTree = "<group>"; };
		5F9C16B8206CB70A0058A55C /* Info.plist */ = {isa = PBXFileReference; lastKnownFileType = text.plist.xml; path = Info.plist; sourceTree = "<group>"; };
		5F9C16D5206CB8290058A55C /* TargetKit.framework */ = {isa = PBXFileReference; explicitFileType = wrapper.framework; path = TargetKit.framework; sourceTree = BUILT_PRODUCTS_DIR; };
/* End PBXFileReference section */

/* Begin PBXFrameworksBuildPhase section */
		5F9C16A6206CB70A0058A55C /* Frameworks */ = {
			isa = PBXFrameworksBuildPhase;
			buildActionMask = 2147483647;
			files = (
				5F7DD4D3206D166F0067DB35 /* ServicesTarget.framework in Frameworks */,
				5F9C16D8206CBBF70058A55C /* TargetKit.framework in Frameworks */,
			);
			runOnlyForDeploymentPostprocessing = 0;
		};
/* End PBXFrameworksBuildPhase section */

/* Begin PBXGroup section */
		5F9C16A0206CB70A0058A55C = {
			isa = PBXGroup;
			children = (
				5F9C16AB206CB70A0058A55C /* MultiTarget */,
				5F9C16AA206CB70A0058A55C /* Products */,
				5F9C16D3206CB8290058A55C /* Frameworks */,
			);
			sourceTree = "<group>";
		};
		5F9C16AA206CB70A0058A55C /* Products */ = {
			isa = PBXGroup;
			children = (
				5F9C16A9206CB70A0058A55C /* MultiTarget.app */,
			);
			name = Products;
			sourceTree = "<group>";
		};
		5F9C16AB206CB70A0058A55C /* MultiTarget */ = {
			isa = PBXGroup;
			children = (
				5F9C16AC206CB70A0058A55C /* AppDelegate.swift */,
				5F9C16AE206CB70A0058A55C /* ViewController.swift */,
				5F9C16B0206CB70A0058A55C /* Main.storyboard */,
				5F9C16B3206CB70A0058A55C /* Assets.xcassets */,
				5F9C16B5206CB70A0058A55C /* LaunchScreen.storyboard */,
				5F9C16B8206CB70A0058A55C /* Info.plist */,
			);
			path = MultiTarget;
			sourceTree = "<group>";
		};
		5F9C16D3206CB8290058A55C /* Frameworks */ = {
			isa = PBXGroup;
			children = (
				5F7DD4D4206D166F0067DB35 /* ServicesTarget.framework */,
				5F9C16D5206CB8290058A55C /* TargetKit.framework */,
			);
			name = Frameworks;
			sourceTree = "<group>";
		};
/* End PBXGroup section */

/* Begin PBXNativeTarget section */
		5F9C16A8206CB70A0058A55C /* MultiTarget */ = {
			isa = PBXNativeTarget;
			buildConfigurationList = 5F9C16BB206CB70A0058A55C /* Build configuration list for PBXNativeTarget "MultiTarget" */;
			buildPhases = (
				5F9C16A5206CB70A0058A55C /* Sources */,
				5F9C16A6206CB70A0058A55C /* Frameworks */,
				5F9C16A7206CB70A0058A55C /* Resources */,
				5F7DD4B6206CBE4E0067DB35 /* CopyFiles */,
			);
			buildRules = (
			);
			dependencies = (
			);
			name = MultiTarget;
			productName = MultiTarget;
			productReference = 5F9C16A9206CB70A0058A55C /* MultiTarget.app */;
			productType = "com.apple.product-type.application";
		};
/* End PBXNativeTarget section */

/* Begin PBXProject section */
		5F9C16A1206CB70A0058A55C /* Project object */ = {
			isa = PBXProject;
			attributes = {
				LastSwiftUpdateCheck = 0920;
				LastUpgradeCheck = 0920;
				ORGANIZATIONNAME = Reaxtion;
				TargetAttributes = {
					5F9C16A8206CB70A0058A55C = {
						CreatedOnToolsVersion = 9.2;
						ProvisioningStyle = Automatic;
					};
				};
			};
			buildConfigurationList = 5F9C16A4206CB70A0058A55C /* Build configuration list for PBXProject "MultiTarget" */;
			compatibilityVersion = "Xcode 8.0";
			developmentRegion = en;
			hasScannedForEncodings = 0;
			knownRegions = (
				en,
				Base,
			);
			mainGroup = 5F9C16A0206CB70A0058A55C;
			productRefGroup = 5F9C16AA206CB70A0058A55C /* Products */;
			projectDirPath = "";
			projectRoot = "";
			targets = (
				5F9C16A8206CB70A0058A55C /* MultiTarget */,
			);
		};
/* End PBXProject section */

/* Begin PBXResourcesBuildPhase section */
		5F9C16A7206CB70A0058A55C /* Resources */ = {
			isa = PBXResourcesBuildPhase;
			buildActionMask = 2147483647;
			files = (
				5F9C16B7206CB70A0058A55C /* LaunchScreen.storyboard in Resources */,
				5F9C16B4206CB70A0058A55C /* Assets.xcassets in Resources */,
				5F9C16B2206CB70A0058A55C /* Main.storyboard in Resources */,
			);
			runOnlyForDeploymentPostprocessing = 0;
		};
/* End PBXResourcesBuildPhase section */

/* Begin PBXSourcesBuildPhase section */
		5F9C16A5206CB70A0058A55C /* Sources */ = {
			isa = PBXSourcesBuildPhase;
			buildActionMask = 2147483647;
			files = (
				5F9C16AF206CB70A0058A55C /* ViewController.swift in Sources */,
				5F9C16AD206CB70A0058A55C /* AppDelegate.swift in Sources */,
			);
			runOnlyForDeploymentPostprocessing = 0;
		};
/* End PBXSourcesBuildPhase section */

/* Begin PBXVariantGroup section */
		5F9C16B0206CB70A0058A55C /* Main.storyboard */ = {
			isa = PBXVariantGroup;
			children = (
				5F9C16B1206CB70A0058A55C /* Base */,
			);
			name = Main.storyboard;
			sourceTree = "<group>";
		};
		5F9C16B5206CB70A0058A55C /* LaunchScreen.storyboard */ = {
			isa = PBXVariantGroup;
			children = (
				5F9C16B6206CB70A0058A55C /* Base */,
			);
			name = LaunchScreen.storyboard;
			sourceTree = "<group>";
		};
/* End PBXVariantGroup section */

/* Begin XCBuildConfiguration section */
		5F9C16B9206CB70A0058A55C /* Debug */ = {
			isa = XCBuildConfiguration;
			buildSettings = {
				ALWAYS_SEARCH_USER_PATHS = NO;
				CLANG_ANALYZER_NONNULL = YES;
				CLANG_ANALYZER_NUMBER_OBJECT_CONVERSION = YES_AGGRESSIVE;
				CLANG_CXX_LANGUAGE_STANDARD = "gnu++14";
				CLANG_CXX_LIBRARY = "libc++";
				CLANG_ENABLE_MODULES = YES;
				CLANG_ENABLE_OBJC_ARC = YES;
				CLANG_WARN_BLOCK_CAPTURE_AUTORELEASING = YES;
				CLANG_WARN_BOOL_CONVERSION = YES;
				CLANG_WARN_COMMA = YES;
				CLANG_WARN_CONSTANT_CONVERSION = YES;
				CLANG_WARN_DIRECT_OBJC_ISA_USAGE = YES_ERROR;
				CLANG_WARN_DOCUMENTATION_COMMENTS = YES;
				CLANG_WARN_EMPTY_BODY = YES;
				CLANG_WARN_ENUM_CONVERSION = YES;
				CLANG_WARN_INFINITE_RECURSION = YES;
				CLANG_WARN_INT_CONVERSION = YES;
				CLANG_WARN_NON_LITERAL_NULL_CONVERSION = YES;
				CLANG_WARN_OBJC_LITERAL_CONVERSION = YES;
				CLANG_WARN_OBJC_ROOT_CLASS = YES_ERROR;
				CLANG_WARN_RANGE_LOOP_ANALYSIS = YES;
				CLANG_WARN_STRICT_PROTOTYPES = YES;
				CLANG_WARN_SUSPICIOUS_MOVE = YES;
				CLANG_WARN_UNGUARDED_AVAILABILITY = YES_AGGRESSIVE;
				CLANG_WARN_UNREACHABLE_CODE = YES;
				CLANG_WARN__DUPLICATE_METHOD_MATCH = YES;
				CODE_SIGN_IDENTITY = "iPhone Developer";
				COPY_PHASE_STRIP = NO;
				DEBUG_INFORMATION_FORMAT = dwarf;
				ENABLE_STRICT_OBJC_MSGSEND = YES;
				ENABLE_TESTABILITY = YES;
				GCC_C_LANGUAGE_STANDARD = gnu11;
				GCC_DYNAMIC_NO_PIC = NO;
				GCC_NO_COMMON_BLOCKS = YES;
				GCC_OPTIMIZATION_LEVEL = 0;
				GCC_PREPROCESSOR_DEFINITIONS = (
					"DEBUG=1",
					"$(inherited)",
				);
				GCC_WARN_64_TO_32_BIT_CONVERSION = YES;
				GCC_WARN_ABOUT_RETURN_TYPE = YES_ERROR;
				GCC_WARN_UNDECLARED_SELECTOR = YES;
				GCC_WARN_UNINITIALIZED_AUTOS = YES_AGGRESSIVE;
				GCC_WARN_UNUSED_FUNCTION = YES;
				GCC_WARN_UNUSED_VARIABLE = YES;
				IPHONEOS_DEPLOYMENT_TARGET = 11.2;
				MTL_ENABLE_DEBUG_INFO = YES;
				ONLY_ACTIVE_ARCH = YES;
				SDKROOT = iphoneos;
				SWIFT_ACTIVE_COMPILATION_CONDITIONS = DEBUG;
				SWIFT_OPTIMIZATION_LEVEL = "-Onone";
			};
			name = Debug;
		};
		5F9C16BA206CB70A0058A55C /* Release */ = {
			isa = XCBuildConfiguration;
			buildSettings = {
				ALWAYS_SEARCH_USER_PATHS = NO;
				CLANG_ANALYZER_NONNULL = YES;
				CLANG_ANALYZER_NUMBER_OBJECT_CONVERSION = YES_AGGRESSIVE;
				CLANG_CXX_LANGUAGE_STANDARD = "gnu++14";
				CLANG_CXX_LIBRARY = "libc++";
				CLANG_ENABLE_MODULES = YES;
				CLANG_ENABLE_OBJC_ARC = YES;
				CLANG_WARN_BLOCK_CAPTURE_AUTORELEASING = YES;
				CLANG_WARN_BOOL_CONVERSION = YES;
				CLANG_WARN_COMMA = YES;
				CLANG_WARN_CONSTANT_CONVERSION = YES;
				CLANG_WARN_DIRECT_OBJC_ISA_USAGE = YES_ERROR;
				CLANG_WARN_DOCUMENTATION_COMMENTS = YES;
				CLANG_WARN_EMPTY_BODY = YES;
				CLANG_WARN_ENUM_CONVERSION = YES;
				CLANG_WARN_INFINITE_RECURSION = YES;
				CLANG_WARN_INT_CONVERSION = YES;
				CLANG_WARN_NON_LITERAL_NULL_CONVERSION = YES;
				CLANG_WARN_OBJC_LITERAL_CONVERSION = YES;
				CLANG_WARN_OBJC_ROOT_CLASS = YES_ERROR;
				CLANG_WARN_RANGE_LOOP_ANALYSIS = YES;
				CLANG_WARN_STRICT_PROTOTYPES = YES;
				CLANG_WARN_SUSPICIOUS_MOVE = YES;
				CLANG_WARN_UNGUARDED_AVAILABILITY = YES_AGGRESSIVE;
				CLANG_WARN_UNREACHABLE_CODE = YES;
				CLANG_WARN__DUPLICATE_METHOD_MATCH = YES;
				CODE_SIGN_IDENTITY = "iPhone Developer";
				COPY_PHASE_STRIP = NO;
				DEBUG_INFORMATION_FORMAT = "dwarf-with-dsym";
				ENABLE_NS_ASSERTIONS = NO;
				ENABLE_STRICT_OBJC_MSGSEND = YES;
				GCC_C_LANGUAGE_STANDARD = gnu11;
				GCC_NO_COMMON_BLOCKS = YES;
				GCC_WARN_64_TO_32_BIT_CONVERSION = YES;
				GCC_WARN_ABOUT_RETURN_TYPE = YES_ERROR;
				GCC_WARN_UNDECLARED_SELECTOR = YES;
				GCC_WARN_UNINITIALIZED_AUTOS = YES_AGGRESSIVE;
				GCC_WARN_UNUSED_FUNCTION = YES;
				GCC_WARN_UNUSED_VARIABLE = YES;
				IPHONEOS_DEPLOYMENT_TARGET = 11.2;
				MTL_ENABLE_DEBUG_INFO = NO;
				SDKROOT = iphoneos;
				SWIFT_OPTIMIZATION_LEVEL = "-Owholemodule";
				VALIDATE_PRODUCT = YES;
			};
			name = Release;
		};
		5F9C16BC206CB70A0058A55C /* Debug */ = {
			isa = XCBuildConfiguration;
			buildSettings = {
				ASSETCATALOG_COMPILER_APPICON_NAME = AppIcon;
				CODE_SIGN_STYLE = Automatic;
				DEVELOPMENT_TEAM = KB63J4W6B9;
				INFOPLIST_FILE = MultiTarget/Info.plist;
				LD_RUNPATH_SEARCH_PATHS = "$(inherited) @executable_path/Frameworks";
				PRODUCT_BUNDLE_IDENTIFIER = com.reaxtion.MultiTarget;
				PRODUCT_NAME = "$(TARGET_NAME)";
				SWIFT_VERSION = 4.0;
				TARGETED_DEVICE_FAMILY = "1,2";
			};
			name = Debug;
		};
		5F9C16BD206CB70A0058A55C /* Release */ = {
			isa = XCBuildConfiguration;
			buildSettings = {
				ASSETCATALOG_COMPILER_APPICON_NAME = AppIcon;
				CODE_SIGN_STYLE = Automatic;
				DEVELOPMENT_TEAM = KB63J4W6B9;
				INFOPLIST_FILE = MultiTarget/Info.plist;
				LD_RUNPATH_SEARCH_PATHS = "$(inherited) @executable_path/Frameworks";
				PRODUCT_BUNDLE_IDENTIFIER = com.reaxtion.MultiTarget;
				PRODUCT_NAME = "$(TARGET_NAME)";
				SWIFT_VERSION = 4.0;
				TARGETED_DEVICE_FAMILY = "1,2";
			};
			name = Release;
		};
/* End XCBuildConfiguration section */

/* Begin XCConfigurationList section */
		5F9C16A4206CB70A0058A55C /* Build configuration list for PBXProject "MultiTarget" */ = {
			isa = XCConfigurationList;
			buildConfigurations = (
				5F9C16B9206CB70A0058A55C /* Debug */,
				5F9C16BA206CB70A0058A55C /* Release */,
			);
			defaultConfigurationIsVisible = 0;
			defaultConfigurationName = Release;
		};
		5F9C16BB206CB70A0058A55C /* Build configuration list for PBXNativeTarget "MultiTarget" */ = {
			isa = XCConfigurationList;
			buildConfigurations = (
				5F9C16BC206CB70A0058A55C /* Debug */,
				5F9C16BD206CB70A0058A55C /* Release */,
			);
			defaultConfigurationIsVisible = 0;
			defaultConfigurationName = Release;
		};
/* End XCConfigurationList section */
	};
	rootObject = 5F9C16A1206CB70A0058A55C /* Project object */;
}
